
Microsoft Visual Studio Solution File, Format Version 12.00
# Visual Studio Version 17
Project("{8BC9CEB8-8B4A-11D0-8D11-00A0C91BC942}") = "ALL_BUILD", "ALL_BUILD.vcxproj", "{F0CA9186-2A21-320F-A4D2-7AD8F0C777AA}"
	ProjectSection(ProjectDependencies) = postProject
		{ED0933EC-99BA-3147-8856-5305C3FEEC63} = {ED0933EC-99BA-3147-8856-5305C3FEEC63}
		{3F5F18CD-73C9-39BC-B510-C84D518B6EDD} = {3F5F18CD-73C9-39BC-B510-C84D518B6EDD}
		{B255D146-21BB-3A61-81AD-E6555A0926F3} = {B255D146-21BB-3A61-81AD-E6555A0926F3}
		{14F99A2C-984E-3493-B12A-626523069B18} = {14F99A2C-984E-3493-B12A-626523069B18}
	EndProjectSection
EndProject
Project("{8BC9CEB8-8B4A-11D0-8D11-00A0C91BC942}") = "Unity", "Unity.vcxproj", "{ED0933EC-99BA-3147-8856-5305C3FEEC63}"
	ProjectSection(ProjectDependencies) = postProject
		{3F5F18CD-73C9-39BC-B510-C84D518B6EDD} = {3F5F18CD-73C9-39BC-B510-C84D518B6EDD}
	EndProjectSection
EndProject
Project("{8BC9CEB8-8B4A-11D0-8D11-00A0C91BC942}") = "ZERO_CHECK", "ZERO_CHECK.vcxproj", "{3F5F18CD-73C9-39BC-B510-C84D518B6EDD}"
	ProjectSection(ProjectDependencies) = postProject
	EndProjectSection
EndProject
Project("{8BC9CEB8-8B4A-11D0-8D11-00A0C91BC942}") = "sauron-eye-closedform-ik", "sauron-eye-closedform-ik.vcxproj", "{B255D146-21BB-3A61-81AD-E6555A0926F3}"
	ProjectSection(ProjectDependencies) = postProject
		{3F5F18CD-73C9-39BC-B510-C84D518B6EDD} = {3F5F18CD-73C9-39BC-B510-C84D518B6EDD}
	EndProjectSection
EndProject
Project("{8BC9CEB8-8B4A-11D0-8D11-00A0C91BC942}") = "test_runner", "test_runner.vcxproj", "{14F99A2C-984E-3493-B12A-626523069B18}"
	ProjectSection(ProjectDependencies) = postProject
		{ED0933EC-99BA-3147-8856-5305C3FEEC63} = {ED0933EC-99BA-3147-8856-5305C3FEEC63}
		{3F5F18CD-73C9-39BC-B510-C84D518B6EDD} = {3F5F18CD-73C9-39BC-B510-C84D518B6EDD}
		{B255D146-21BB-3A61-81AD-E6555A0926F3} = {B255D146-21BB-3A61-81AD-E6555A0926F3}
	EndProjectSection
EndProject
Global
	GlobalSection(SolutionConfigurationPlatforms) = preSolution
		Debug|x64 = Debug|x64
		Release|x64 = Release|x64
		MinSizeRel|x64 = MinSizeRel|x64
		RelWithDebInfo|x64 = RelWithDebInfo|x64
	EndGlobalSection
	GlobalSection(ProjectConfigurationPlatforms) = postSolution
		{F0CA9186-2A21-320F-A4D2-7AD8F0C777AA}.Debug|x64.ActiveCfg = Debug|x64
		{F0CA9186-2A21-320F-A4D2-7AD8F0C777AA}.Release|x64.ActiveCfg = Release|x64
		{F0CA9186-2A21-320F-A4D2-7AD8F0C777AA}.MinSizeRel|x64.ActiveCfg = MinSizeRel|x64
		{F0CA9186-2A21-320F-A4D2-7AD8F0C777AA}.RelWithDebInfo|x64.ActiveCfg = RelWithDebInfo|x64
		{ED0933EC-99BA-3147-8856-5305C3FEEC63}.Debug|x64.ActiveCfg = Debug|x64
		{ED0933EC-99BA-3147-8856-5305C3FEEC63}.Debug|x64.Build.0 = Debug|x64
		{ED0933EC-99BA-3147-8856-5305C3FEEC63}.Release|x64.ActiveCfg = Release|x64
		{ED0933EC-99BA-3147-8856-5305C3FEEC63}.Release|x64.Build.0 = Release|x64
		{ED0933EC-99BA-3147-8856-5305C3FEEC63}.MinSizeRel|x64.ActiveCfg = MinSizeRel|x64
		{ED0933EC-99BA-3147-8856-5305C3FEEC63}.MinSizeRel|x64.Build.0 = MinSizeRel|x64
		{ED0933EC-99BA-3147-8856-5305C3FEEC63}.RelWithDebInfo|x64.ActiveCfg = RelWithDebInfo|x64
		{ED0933EC-99BA-3147-8856-5305C3FEEC63}.RelWithDebInfo|x64.Build.0 = RelWithDebInfo|x64
		{3F5F18CD-73C9-39BC-B510-C84D518B6EDD}.Debug|x64.ActiveCfg = Debug|x64
		{3F5F18CD-73C9-39BC-B510-C84D518B6EDD}.Debug|x64.Build.0 = Debug|x64
		{3F5F18CD-73C9-39BC-B510-C84D518B6EDD}.Release|x64.ActiveCfg = Release|x64
		{3F5F18CD-73C9-39BC-B510-C84D518B6EDD}.Release|x64.Build.0 = Release|x64
		{3F5F18CD-73C9-39BC-B510-C84D518B6EDD}.MinSizeRel|x64.ActiveCfg = MinSizeRel|x64
		{3F5F18CD-73C9-39BC-B510-C84D518B6EDD}.MinSizeRel|x64.Build.0 = MinSizeRel|x64
		{3F5F18CD-73C9-39BC-B510-C84D518B6EDD}.RelWithDebInfo|x64.ActiveCfg = RelWithDebInfo|x64
		{3F5F18CD-73C9-39BC-B510-C84D518B6EDD}.RelWithDebInfo|x64.Build.0 = RelWithDebInfo|x64
		{B255D146-21BB-3A61-81AD-E6555A0926F3}.Debug|x64.ActiveCfg = Debug|x64
		{B255D146-21BB-3A61-81AD-E6555A0926F3}.Debug|x64.Build.0 = Debug|x64
		{B255D146-21BB-3A61-81AD-E6555A0926F3}.Release|x64.ActiveCfg = Release|x64
		{B255D146-21BB-3A61-81AD-E6555A0926F3}.Release|x64.Build.0 = Release|x64
		{B255D146-21BB-3A61-81AD-E6555A0926F3}.MinSizeRel|x64.ActiveCfg = MinSizeRel|x64
		{B255D146-21BB-3A61-81AD-E6555A0926F3}.MinSizeRel|x64.Build.0 = MinSizeRel|x64
		{B255D146-21BB-3A61-81AD-E6555A0926F3}.RelWithDebInfo|x64.ActiveCfg = RelWithDebInfo|x64
		{B255D146-21BB-3A61-81AD-E6555A0926F3}.RelWithDebInfo|x64.Build.0 = RelWithDebInfo|x64
		{14F99A2C-984E-3493-B12A-626523069B18}.Debug|x64.ActiveCfg = Debug|x64
		{14F99A2C-984E-3493-B12A-626523069B18}.Debug|x64.Build.0 = Debug|x64
		{14F99A2C-984E-3493-B12A-626523069B18}.Release|x64.ActiveCfg = Release|x64
		{14F99A2C-984E-3493-B12A-626523069B18}.Release|x64.Build.0 = Release|x64
		{14F99A2C-984E-3493-B12A-626523069B18}.MinSizeRel|x64.ActiveCfg = MinSizeRel|x64
		{14F99A2C-984E-3493-B12A-626523069B18}.MinSizeRel|x64.Build.0 = MinSizeRel|x64
		{14F99A2C-984E-3493-B12A-626523069B18}.RelWithDebInfo|x64.ActiveCfg = RelWithDebInfo|x64
		{14F99A2C-984E-3493-B12A-626523069B18}.RelWithDebInfo|x64.Build.0 = RelWithDebInfo|x64
	EndGlobalSection
	GlobalSection(ExtensibilityGlobals) = postSolution
		SolutionGuid = {393FB623-8259-38F1-A4AD-455BEAE84834}
	EndGlobalSection
	GlobalSection(ExtensibilityAddIns) = postSolution
	EndGlobalSection
EndGlobal
